// !$*UTF8*$!
{
	archiveVersion = 1;
	classes = {
	};
	objectVersion = 50;
	objects = {

/* Begin PBXBuildFile section */
		5346975622883F3F0080039F /* 7.sks in Resources */ = {isa = PBXBuildFile; fileRef = 5346975522883F3F0080039F /* 7.sks */; };
		5346975A228840AB0080039F /* 8.sks in Resources */ = {isa = PBXBuildFile; fileRef = 53469759228840AB0080039F /* 8.sks */; };
		5346975C228841840080039F /* 9.sks in Resources */ = {isa = PBXBuildFile; fileRef = 5346975B228841840080039F /* 9.sks */; };
		5346975E228842BB0080039F /* 10.sks in Resources */ = {isa = PBXBuildFile; fileRef = 5346975D228842BB0080039F /* 10.sks */; };
		53469760228843580080039F /* 11.sks in Resources */ = {isa = PBXBuildFile; fileRef = 5346975F228843580080039F /* 11.sks */; };
		53469762228844EA0080039F /* 12.sks in Resources */ = {isa = PBXBuildFile; fileRef = 53469761228844EA0080039F /* 12.sks */; };
		53469764228845800080039F /* 13.sks in Resources */ = {isa = PBXBuildFile; fileRef = 53469763228845800080039F /* 13.sks */; };
		53469766228846930080039F /* 14.sks in Resources */ = {isa = PBXBuildFile; fileRef = 53469765228846930080039F /* 14.sks */; };
		53469768228848720080039F /* 15.sks in Resources */ = {isa = PBXBuildFile; fileRef = 53469767228848720080039F /* 15.sks */; };
		5346976A22884AC30080039F /* 16.sks in Resources */ = {isa = PBXBuildFile; fileRef = 5346976922884AC30080039F /* 16.sks */; };
		5346976C22884B740080039F /* 17.sks in Resources */ = {isa = PBXBuildFile; fileRef = 5346976B22884B740080039F /* 17.sks */; };
		5346976E22884CA50080039F /* 18.sks in Resources */ = {isa = PBXBuildFile; fileRef = 5346976D22884CA50080039F /* 18.sks */; };
		5346977022884E110080039F /* 19.sks in Resources */ = {isa = PBXBuildFile; fileRef = 5346976F22884E110080039F /* 19.sks */; };
		5346977222884E1D0080039F /* 20.sks in Resources */ = {isa = PBXBuildFile; fileRef = 5346977122884E1D0080039F /* 20.sks */; };
		53649F8A224F9981006A04C9 /* hud.atlas in Resources */ = {isa = PBXBuildFile; fileRef = 53649F89224F9981006A04C9 /* hud.atlas */; };
		53649F8C224F9A31006A04C9 /* HUD.swift in Sources */ = {isa = PBXBuildFile; fileRef = 53649F8B224F9A31006A04C9 /* HUD.swift */; };
		53649F92224FD1CF006A04C9 /* MenuScene.swift in Sources */ = {isa = PBXBuildFile; fileRef = 53649F91224FD1CF006A04C9 /* MenuScene.swift */; };
		53649F94225367A9006A04C9 /* Coin.swift in Sources */ = {isa = PBXBuildFile; fileRef = 53649F93225367A9006A04C9 /* Coin.swift */; };
		53A73FCB22622DFA00B25A8B /* 4.sks in Resources */ = {isa = PBXBuildFile; fileRef = 53A73FCA22622DFA00B25A8B /* 4.sks */; };
		53A73FCD22622ECA00B25A8B /* 5.sks in Resources */ = {isa = PBXBuildFile; fileRef = 53A73FCC22622ECA00B25A8B /* 5.sks */; };
		53A73FCF22638BD500B25A8B /* backgroundMusic.mp3 in Resources */ = {isa = PBXBuildFile; fileRef = 53A73FCE22638BD500B25A8B /* backgroundMusic.mp3 */; };
		53A73FD12263C40100B25A8B /* shooting.aiff in Resources */ = {isa = PBXBuildFile; fileRef = 53A73FD02263C40000B25A8B /* shooting.aiff */; };
		53A73FD32264887B00B25A8B /* MusicManager.swift in Sources */ = {isa = PBXBuildFile; fileRef = 53A73FD22264887B00B25A8B /* MusicManager.swift */; };
		53AD17CE2285952B0018E2F0 /* 6.sks in Resources */ = {isa = PBXBuildFile; fileRef = 53AD17CD2285952B0018E2F0 /* 6.sks */; };
		53AD17D62285BF310018E2F0 /* InstructionScene.swift in Sources */ = {isa = PBXBuildFile; fileRef = 53AD17D52285BF310018E2F0 /* InstructionScene.swift */; };
		53AD17D82285C0A00018E2F0 /* Explosion1.sks in Resources */ = {isa = PBXBuildFile; fileRef = 53AD17D72285C09F0018E2F0 /* Explosion1.sks */; };
		53AD17DA2285C0F20018E2F0 /* Explosion.sks in Resources */ = {isa = PBXBuildFile; fileRef = 53AD17D92285C0F20018E2F0 /* Explosion.sks */; };
		53BDF52D2232D294005BC159 /* AppDelegate.swift in Sources */ = {isa = PBXBuildFile; fileRef = 53BDF52C2232D294005BC159 /* AppDelegate.swift */; };
		53BDF52F2232D294005BC159 /* GameScene.sks in Resources */ = {isa = PBXBuildFile; fileRef = 53BDF52E2232D294005BC159 /* GameScene.sks */; };
		53BDF5312232D294005BC159 /* Actions.sks in Resources */ = {isa = PBXBuildFile; fileRef = 53BDF5302232D294005BC159 /* Actions.sks */; };
		53BDF5332232D294005BC159 /* GameScene.swift in Sources */ = {isa = PBXBuildFile; fileRef = 53BDF5322232D294005BC159 /* GameScene.swift */; };
		53BDF5352232D294005BC159 /* GameViewController.swift in Sources */ = {isa = PBXBuildFile; fileRef = 53BDF5342232D294005BC159 /* GameViewController.swift */; };
		53BDF5382232D294005BC159 /* Main.storyboard in Resources */ = {isa = PBXBuildFile; fileRef = 53BDF5362232D294005BC159 /* Main.storyboard */; };
		53BDF53A2232D296005BC159 /* Assets.xcassets in Resources */ = {isa = PBXBuildFile; fileRef = 53BDF5392232D296005BC159 /* Assets.xcassets */; };
		53BDF53D2232D296005BC159 /* LaunchScreen.storyboard in Resources */ = {isa = PBXBuildFile; fileRef = 53BDF53B2232D296005BC159 /* LaunchScreen.storyboard */; };
		53BDF5452232D2D2005BC159 /* ground.atlas in Resources */ = {isa = PBXBuildFile; fileRef = 53BDF5442232D2D2005BC159 /* ground.atlas */; };
		53BDF5472232D597005BC159 /* Ground.swift in Sources */ = {isa = PBXBuildFile; fileRef = 53BDF5462232D597005BC159 /* Ground.swift */; };
		53BDF5492232D5F5005BC159 /* GameSprite.swift in Sources */ = {isa = PBXBuildFile; fileRef = 53BDF5482232D5F5005BC159 /* GameSprite.swift */; };
		53BDF54B2232F006005BC159 /* Player.swift in Sources */ = {isa = PBXBuildFile; fileRef = 53BDF54A2232F006005BC159 /* Player.swift */; };
		53BDF54D2232F6F8005BC159 /* player.atlas in Resources */ = {isa = PBXBuildFile; fileRef = 53BDF54C2232F6F8005BC159 /* player.atlas */; };
		53BDF55122366C5B005BC159 /* EnemyOne.swift in Sources */ = {isa = PBXBuildFile; fileRef = 53BDF55022366C5B005BC159 /* EnemyOne.swift */; };
		53BDF55322367A04005BC159 /* enemies.atlas in Resources */ = {isa = PBXBuildFile; fileRef = 53BDF55222367A04005BC159 /* enemies.atlas */; };
		53BDF5582236B987005BC159 /* EnemyPlatform.swift in Sources */ = {isa = PBXBuildFile; fileRef = 53BDF5572236B987005BC159 /* EnemyPlatform.swift */; };
		53BDF55A2237FB18005BC159 /* EnemyGhost.swift in Sources */ = {isa = PBXBuildFile; fileRef = 53BDF5592237FB18005BC159 /* EnemyGhost.swift */; };
		53BDF55F2238084E005BC159 /* 1.sks in Resources */ = {isa = PBXBuildFile; fileRef = 53BDF55E2238084E005BC159 /* 1.sks */; };
		53BDF561223809C9005BC159 /* EncounterManager.swift in Sources */ = {isa = PBXBuildFile; fileRef = 53BDF560223809C9005BC159 /* EncounterManager.swift */; };
		53BDF563223815EA005BC159 /* 2.sks in Resources */ = {isa = PBXBuildFile; fileRef = 53BDF562223815EA005BC159 /* 2.sks */; };
		53BDF565223816E5005BC159 /* 3.sks in Resources */ = {isa = PBXBuildFile; fileRef = 53BDF564223816E5005BC159 /* 3.sks */; };
		53E079FA225E066400C46772 /* EnemyEagle.swift in Sources */ = {isa = PBXBuildFile; fileRef = 53E079F9225E066300C46772 /* EnemyEagle.swift */; };
/* End PBXBuildFile section */

/* Begin PBXFileReference section */
		5346975522883F3F0080039F /* 7.sks */ = {isa = PBXFileReference; lastKnownFileType = file.sks; path = 7.sks; sourceTree = "<group>"; };
		53469759228840AB0080039F /* 8.sks */ = {isa = PBXFileReference; lastKnownFileType = file.sks; path = 8.sks; sourceTree = "<group>"; };
		5346975B228841840080039F /* 9.sks */ = {isa = PBXFileReference; lastKnownFileType = file.sks; path = 9.sks; sourceTree = "<group>"; };
		5346975D228842BB0080039F /* 10.sks */ = {isa = PBXFileReference; lastKnownFileType = file.sks; path = 10.sks; sourceTree = "<group>"; };
		5346975F228843580080039F /* 11.sks */ = {isa = PBXFileReference; lastKnownFileType = file.sks; path = 11.sks; sourceTree = "<group>"; };
		53469761228844EA0080039F /* 12.sks */ = {isa = PBXFileReference; lastKnownFileType = file.sks; path = 12.sks; sourceTree = "<group>"; };
		53469763228845800080039F /* 13.sks */ = {isa = PBXFileReference; lastKnownFileType = file.sks; path = 13.sks; sourceTree = "<group>"; };
		53469765228846930080039F /* 14.sks */ = {isa = PBXFileReference; lastKnownFileType = file.sks; path = 14.sks; sourceTree = "<group>"; };
		53469767228848720080039F /* 15.sks */ = {isa = PBXFileReference; lastKnownFileType = file.sks; path = 15.sks; sourceTree = "<group>"; };
		5346976922884AC30080039F /* 16.sks */ = {isa = PBXFileReference; lastKnownFileType = file.sks; path = 16.sks; sourceTree = "<group>"; };
		5346976B22884B740080039F /* 17.sks */ = {isa = PBXFileReference; lastKnownFileType = file.sks; path = 17.sks; sourceTree = "<group>"; };
		5346976D22884CA50080039F /* 18.sks */ = {isa = PBXFileReference; lastKnownFileType = file.sks; path = 18.sks; sourceTree = "<group>"; };
		5346976F22884E110080039F /* 19.sks */ = {isa = PBXFileReference; lastKnownFileType = file.sks; path = 19.sks; sourceTree = "<group>"; };
		5346977122884E1D0080039F /* 20.sks */ = {isa = PBXFileReference; lastKnownFileType = file.sks; path = 20.sks; sourceTree = "<group>"; };
		53649F89224F9981006A04C9 /* hud.atlas */ = {isa = PBXFileReference; lastKnownFileType = folder.skatlas; path = hud.atlas; sourceTree = "<group>"; };
		53649F8B224F9A31006A04C9 /* HUD.swift */ = {isa = PBXFileReference; lastKnownFileType = sourcecode.swift; path = HUD.swift; sourceTree = "<group>"; };
		53649F91224FD1CF006A04C9 /* MenuScene.swift */ = {isa = PBXFileReference; lastKnownFileType = sourcecode.swift; path = MenuScene.swift; sourceTree = "<group>"; };
		53649F93225367A9006A04C9 /* Coin.swift */ = {isa = PBXFileReference; lastKnownFileType = sourcecode.swift; path = Coin.swift; sourceTree = "<group>"; };
		53A73FCA22622DFA00B25A8B /* 4.sks */ = {isa = PBXFileReference; lastKnownFileType = file.sks; path = 4.sks; sourceTree = "<group>"; };
		53A73FCC22622ECA00B25A8B /* 5.sks */ = {isa = PBXFileReference; lastKnownFileType = file.sks; path = 5.sks; sourceTree = "<group>"; };
		53A73FCE22638BD500B25A8B /* backgroundMusic.mp3 */ = {isa = PBXFileReference; lastKnownFileType = audio.mp3; path = backgroundMusic.mp3; sourceTree = "<group>"; };
		53A73FD02263C40000B25A8B /* shooting.aiff */ = {isa = PBXFileReference; lastKnownFileType = audio.aiff; path = shooting.aiff; sourceTree = "<group>"; };
		53A73FD22264887B00B25A8B /* MusicManager.swift */ = {isa = PBXFileReference; lastKnownFileType = sourcecode.swift; path = MusicManager.swift; sourceTree = "<group>"; };
		53AD17CD2285952B0018E2F0 /* 6.sks */ = {isa = PBXFileReference; lastKnownFileType = file.sks; path = 6.sks; sourceTree = "<group>"; };
		53AD17D52285BF310018E2F0 /* InstructionScene.swift */ = {isa = PBXFileReference; lastKnownFileType = sourcecode.swift; path = InstructionScene.swift; sourceTree = "<group>"; };
		53AD17D72285C09F0018E2F0 /* Explosion1.sks */ = {isa = PBXFileReference; lastKnownFileType = file.sks; path = Explosion1.sks; sourceTree = "<group>"; };
		53AD17D92285C0F20018E2F0 /* Explosion.sks */ = {isa = PBXFileReference; lastKnownFileType = file.sks; path = Explosion.sks; sourceTree = "<group>"; };
		53BDF5292232D294005BC159 /* Trapescapes.app */ = {isa = PBXFileReference; explicitFileType = wrapper.application; includeInIndex = 0; path = Trapescapes.app; sourceTree = BUILT_PRODUCTS_DIR; };
		53BDF52C2232D294005BC159 /* AppDelegate.swift */ = {isa = PBXFileReference; lastKnownFileType = sourcecode.swift; path = AppDelegate.swift; sourceTree = "<group>"; };
		53BDF52E2232D294005BC159 /* GameScene.sks */ = {isa = PBXFileReference; lastKnownFileType = file.sks; path = GameScene.sks; sourceTree = "<group>"; };
		53BDF5302232D294005BC159 /* Actions.sks */ = {isa = PBXFileReference; lastKnownFileType = file.sks; path = Actions.sks; sourceTree = "<group>"; };
		53BDF5322232D294005BC159 /* GameScene.swift */ = {isa = PBXFileReference; lastKnownFileType = sourcecode.swift; path = GameScene.swift; sourceTree = "<group>"; usesTabs = 0; };
		53BDF5342232D294005BC159 /* GameViewController.swift */ = {isa = PBXFileReference; lastKnownFileType = sourcecode.swift; path = GameViewController.swift; sourceTree = "<group>"; };
		53BDF5372232D294005BC159 /* Base */ = {isa = PBXFileReference; lastKnownFileType = file.storyboard; name = Base; path = Base.lproj/Main.storyboard; sourceTree = "<group>"; };
		53BDF5392232D296005BC159 /* Assets.xcassets */ = {isa = PBXFileReference; lastKnownFileType = folder.assetcatalog; path = Assets.xcassets; sourceTree = "<group>"; };
		53BDF53C2232D296005BC159 /* Base */ = {isa = PBXFileReference; lastKnownFileType = file.storyboard; name = Base; path = Base.lproj/LaunchScreen.storyboard; sourceTree = "<group>"; };
		53BDF53E2232D296005BC159 /* Info.plist */ = {isa = PBXFileReference; lastKnownFileType = text.plist.xml; path = Info.plist; sourceTree = "<group>"; };
		53BDF5442232D2D2005BC159 /* ground.atlas */ = {isa = PBXFileReference; lastKnownFileType = folder.skatlas; path = ground.atlas; sourceTree = "<group>"; };
		53BDF5462232D597005BC159 /* Ground.swift */ = {isa = PBXFileReference; lastKnownFileType = sourcecode.swift; path = Ground.swift; sourceTree = "<group>"; };
		53BDF5482232D5F5005BC159 /* GameSprite.swift */ = {isa = PBXFileReference; lastKnownFileType = sourcecode.swift; path = GameSprite.swift; sourceTree = "<group>"; };
		53BDF54A2232F006005BC159 /* Player.swift */ = {isa = PBXFileReference; lastKnownFileType = sourcecode.swift; path = Player.swift; sourceTree = "<group>"; };
		53BDF54C2232F6F8005BC159 /* player.atlas */ = {isa = PBXFileReference; lastKnownFileType = folder.skatlas; path = player.atlas; sourceTree = "<group>"; };
		53BDF55022366C5B005BC159 /* EnemyOne.swift */ = {isa = PBXFileReference; lastKnownFileType = sourcecode.swift; path = EnemyOne.swift; sourceTree = "<group>"; };
		53BDF55222367A04005BC159 /* enemies.atlas */ = {isa = PBXFileReference; lastKnownFileType = folder.skatlas; path = enemies.atlas; sourceTree = "<group>"; };
		53BDF5572236B987005BC159 /* EnemyPlatform.swift */ = {isa = PBXFileReference; lastKnownFileType = sourcecode.swift; path = EnemyPlatform.swift; sourceTree = "<group>"; };
		53BDF5592237FB18005BC159 /* EnemyGhost.swift */ = {isa = PBXFileReference; lastKnownFileType = sourcecode.swift; path = EnemyGhost.swift; sourceTree = "<group>"; };
		53BDF55E2238084E005BC159 /* 1.sks */ = {isa = PBXFileReference; lastKnownFileType = file.sks; path = 1.sks; sourceTree = "<group>"; };
		53BDF560223809C9005BC159 /* EncounterManager.swift */ = {isa = PBXFileReference; lastKnownFileType = sourcecode.swift; path = EncounterManager.swift; sourceTree = "<group>"; };
		53BDF562223815EA005BC159 /* 2.sks */ = {isa = PBXFileReference; lastKnownFileType = file.sks; path = 2.sks; sourceTree = "<group>"; };
		53BDF564223816E5005BC159 /* 3.sks */ = {isa = PBXFileReference; lastKnownFileType = file.sks; path = 3.sks; sourceTree = "<group>"; };
		53E079F9225E066300C46772 /* EnemyEagle.swift */ = {isa = PBXFileReference; lastKnownFileType = sourcecode.swift; path = EnemyEagle.swift; sourceTree = "<group>"; };
/* End PBXFileReference section */

/* Begin PBXFrameworksBuildPhase section */
		53BDF5262232D294005BC159 /* Frameworks */ = {
			isa = PBXFrameworksBuildPhase;
			buildActionMask = 2147483647;
			files = (
			);
			runOnlyForDeploymentPostprocessing = 0;
		};
/* End PBXFrameworksBuildPhase section */

/* Begin PBXGroup section */
		53BDF5202232D294005BC159 = {
			isa = PBXGroup;
			children = (
				53BDF52B2232D294005BC159 /* Trapescapes */,
				53BDF52A2232D294005BC159 /* Products */,
			);
			sourceTree = "<group>";
		};
		53BDF52A2232D294005BC159 /* Products */ = {
			isa = PBXGroup;
			children = (
				53BDF5292232D294005BC159 /* Trapescapes.app */,
			);
			name = Products;
			sourceTree = "<group>";
		};
		53BDF52B2232D294005BC159 /* Trapescapes */ = {
			isa = PBXGroup;
			children = (
				53A73FD02263C40000B25A8B /* shooting.aiff */,
				53A73FCE22638BD500B25A8B /* backgroundMusic.mp3 */,
				53649F89224F9981006A04C9 /* hud.atlas */,
				53BDF55B223807CB005BC159 /* Encounters */,
				53BDF55222367A04005BC159 /* enemies.atlas */,
				53BDF5442232D2D2005BC159 /* ground.atlas */,
				53BDF54C2232F6F8005BC159 /* player.atlas */,
				53BDF53E2232D296005BC159 /* Info.plist */,
				53BDF5302232D294005BC159 /* Actions.sks */,
				53BDF52E2232D294005BC159 /* GameScene.sks */,
				53BDF52C2232D294005BC159 /* AppDelegate.swift */,
				53BDF55022366C5B005BC159 /* EnemyOne.swift */,
				53BDF5322232D294005BC159 /* GameScene.swift */,
				53BDF5482232D5F5005BC159 /* GameSprite.swift */,
				53BDF5342232D294005BC159 /* GameViewController.swift */,
				53BDF5462232D597005BC159 /* Ground.swift */,
				53BDF54A2232F006005BC159 /* Player.swift */,
				53BDF5392232D296005BC159 /* Assets.xcassets */,
				53BDF53B2232D296005BC159 /* LaunchScreen.storyboard */,
				53BDF5362232D294005BC159 /* Main.storyboard */,
				53BDF5572236B987005BC159 /* EnemyPlatform.swift */,
				53BDF5592237FB18005BC159 /* EnemyGhost.swift */,
				53BDF560223809C9005BC159 /* EncounterManager.swift */,
				53AD17D72285C09F0018E2F0 /* Explosion1.sks */,
				53649F8B224F9A31006A04C9 /* HUD.swift */,
				53649F91224FD1CF006A04C9 /* MenuScene.swift */,
				53649F93225367A9006A04C9 /* Coin.swift */,
				53E079F9225E066300C46772 /* EnemyEagle.swift */,
				53A73FD22264887B00B25A8B /* MusicManager.swift */,
				53AD17D52285BF310018E2F0 /* InstructionScene.swift */,
				53AD17D92285C0F20018E2F0 /* Explosion.sks */,
			);
			path = Trapescapes;
			sourceTree = "<group>";
		};
		53BDF55B223807CB005BC159 /* Encounters */ = {
			isa = PBXGroup;
			children = (
				53BDF55E2238084E005BC159 /* 1.sks */,
				53BDF562223815EA005BC159 /* 2.sks */,
				53BDF564223816E5005BC159 /* 3.sks */,
				53A73FCA22622DFA00B25A8B /* 4.sks */,
				53A73FCC22622ECA00B25A8B /* 5.sks */,
				53AD17CD2285952B0018E2F0 /* 6.sks */,
				5346975522883F3F0080039F /* 7.sks */,
				53469759228840AB0080039F /* 8.sks */,
				5346975B228841840080039F /* 9.sks */,
				5346975D228842BB0080039F /* 10.sks */,
				5346975F228843580080039F /* 11.sks */,
				53469761228844EA0080039F /* 12.sks */,
				53469763228845800080039F /* 13.sks */,
				53469765228846930080039F /* 14.sks */,
				53469767228848720080039F /* 15.sks */,
				5346976922884AC30080039F /* 16.sks */,
				5346976B22884B740080039F /* 17.sks */,
				5346976D22884CA50080039F /* 18.sks */,
				5346976F22884E110080039F /* 19.sks */,
				5346977122884E1D0080039F /* 20.sks */,
			);
			path = Encounters;
			sourceTree = "<group>";
		};
/* End PBXGroup section */

/* Begin PBXNativeTarget section */
		53BDF5282232D294005BC159 /* Trapescapes */ = {
			isa = PBXNativeTarget;
			buildConfigurationList = 53BDF5412232D296005BC159 /* Build configuration list for PBXNativeTarget "Trapescapes" */;
			buildPhases = (
				53BDF5252232D294005BC159 /* Sources */,
				53BDF5262232D294005BC159 /* Frameworks */,
				53BDF5272232D294005BC159 /* Resources */,
			);
			buildRules = (
			);
			dependencies = (
			);
			name = Trapescapes;
			productName = Trapescapes;
			productReference = 53BDF5292232D294005BC159 /* Trapescapes.app */;
			productType = "com.apple.product-type.application";
		};
/* End PBXNativeTarget section */

/* Begin PBXProject section */
		53BDF5212232D294005BC159 /* Project object */ = {
			isa = PBXProject;
			attributes = {
				LastSwiftUpdateCheck = 1010;
				LastUpgradeCheck = 1010;
				ORGANIZATIONNAME = "Juri Ilmjarv";
				TargetAttributes = {
					53BDF5282232D294005BC159 = {
						CreatedOnToolsVersion = 10.1;
					};
				};
			};
			buildConfigurationList = 53BDF5242232D294005BC159 /* Build configuration list for PBXProject "Trapescapes" */;
			compatibilityVersion = "Xcode 9.3";
			developmentRegion = en;
			hasScannedForEncodings = 0;
			knownRegions = (
				en,
				Base,
			);
			mainGroup = 53BDF5202232D294005BC159;
			productRefGroup = 53BDF52A2232D294005BC159 /* Products */;
			projectDirPath = "";
			projectRoot = "";
			targets = (
				53BDF5282232D294005BC159 /* Trapescapes */,
			);
		};
/* End PBXProject section */

/* Begin PBXResourcesBuildPhase section */
		53BDF5272232D294005BC159 /* Resources */ = {
			isa = PBXResourcesBuildPhase;
			buildActionMask = 2147483647;
			files = (
				53469762228844EA0080039F /* 12.sks in Resources */,
				5346975A228840AB0080039F /* 8.sks in Resources */,
				53BDF565223816E5005BC159 /* 3.sks in Resources */,
				53BDF5452232D2D2005BC159 /* ground.atlas in Resources */,
				5346977022884E110080039F /* 19.sks in Resources */,
				5346975C228841840080039F /* 9.sks in Resources */,
				5346977222884E1D0080039F /* 20.sks in Resources */,
				53BDF5382232D294005BC159 /* Main.storyboard in Resources */,
				53A73FCD22622ECA00B25A8B /* 5.sks in Resources */,
				53BDF563223815EA005BC159 /* 2.sks in Resources */,
				5346975622883F3F0080039F /* 7.sks in Resources */,
				53AD17CE2285952B0018E2F0 /* 6.sks in Resources */,
				53469764228845800080039F /* 13.sks in Resources */,
				53469760228843580080039F /* 11.sks in Resources */,
				53BDF52F2232D294005BC159 /* GameScene.sks in Resources */,
				5346976E22884CA50080039F /* 18.sks in Resources */,
				53469766228846930080039F /* 14.sks in Resources */,
				53BDF55F2238084E005BC159 /* 1.sks in Resources */,
				5346976C22884B740080039F /* 17.sks in Resources */,
				53649F8A224F9981006A04C9 /* hud.atlas in Resources */,
				53A73FCB22622DFA00B25A8B /* 4.sks in Resources */,
				5346975E228842BB0080039F /* 10.sks in Resources */,
				53BDF53A2232D296005BC159 /* Assets.xcassets in Resources */,
				5346976A22884AC30080039F /* 16.sks in Resources */,
				53A73FD12263C40100B25A8B /* shooting.aiff in Resources */,
				53A73FCF22638BD500B25A8B /* backgroundMusic.mp3 in Resources */,
				53BDF54D2232F6F8005BC159 /* player.atlas in Resources */,
				53BDF53D2232D296005BC159 /* LaunchScreen.storyboard in Resources */,
				53BDF55322367A04005BC159 /* enemies.atlas in Resources */,
				53AD17DA2285C0F20018E2F0 /* Explosion.sks in Resources */,
				53BDF5312232D294005BC159 /* Actions.sks in Resources */,
				53469768228848720080039F /* 15.sks in Resources */,
				53AD17D82285C0A00018E2F0 /* Explosion1.sks in Resources */,
			);
			runOnlyForDeploymentPostprocessing = 0;
		};
/* End PBXResourcesBuildPhase section */

/* Begin PBXSourcesBuildPhase section */
		53BDF5252232D294005BC159 /* Sources */ = {
			isa = PBXSourcesBuildPhase;
			buildActionMask = 2147483647;
			files = (
				53BDF5332232D294005BC159 /* GameScene.swift in Sources */,
				53AD17D62285BF310018E2F0 /* InstructionScene.swift in Sources */,
				53BDF5582236B987005BC159 /* EnemyPlatform.swift in Sources */,
				53BDF55A2237FB18005BC159 /* EnemyGhost.swift in Sources */,
				53BDF55122366C5B005BC159 /* EnemyOne.swift in Sources */,
				53BDF5352232D294005BC159 /* GameViewController.swift in Sources */,
				53BDF5472232D597005BC159 /* Ground.swift in Sources */,
				53649F8C224F9A31006A04C9 /* HUD.swift in Sources */,
				53BDF5492232D5F5005BC159 /* GameSprite.swift in Sources */,
				53649F94225367A9006A04C9 /* Coin.swift in Sources */,
				53E079FA225E066400C46772 /* EnemyEagle.swift in Sources */,
				53BDF561223809C9005BC159 /* EncounterManager.swift in Sources */,
				53649F92224FD1CF006A04C9 /* MenuScene.swift in Sources */,
				53BDF54B2232F006005BC159 /* Player.swift in Sources */,
				53BDF52D2232D294005BC159 /* AppDelegate.swift in Sources */,
				53A73FD32264887B00B25A8B /* MusicManager.swift in Sources */,
			);
			runOnlyForDeploymentPostprocessing = 0;
		};
/* End PBXSourcesBuildPhase section */

/* Begin PBXVariantGroup section */
		53BDF5362232D294005BC159 /* Main.storyboard */ = {
			isa = PBXVariantGroup;
			children = (
				53BDF5372232D294005BC159 /* Base */,
			);
			name = Main.storyboard;
			sourceTree = "<group>";
		};
		53BDF53B2232D296005BC159 /* LaunchScreen.storyboard */ = {
			isa = PBXVariantGroup;
			children = (
				53BDF53C2232D296005BC159 /* Base */,
			);
			name = LaunchScreen.storyboard;
			sourceTree = "<group>";
		};
/* End PBXVariantGroup section */

/* Begin XCBuildConfiguration section */
		53BDF53F2232D296005BC159 /* Debug */ = {
			isa = XCBuildConfiguration;
			buildSettings = {
				ALWAYS_SEARCH_USER_PATHS = NO;
				CLANG_ANALYZER_NONNULL = YES;
				CLANG_ANALYZER_NUMBER_OBJECT_CONVERSION = YES_AGGRESSIVE;
				CLANG_CXX_LANGUAGE_STANDARD = "gnu++14";
				CLANG_CXX_LIBRARY = "libc++";
				CLANG_ENABLE_MODULES = YES;
				CLANG_ENABLE_OBJC_ARC = YES;
				CLANG_ENABLE_OBJC_WEAK = YES;
				CLANG_WARN_BLOCK_CAPTURE_AUTORELEASING = YES;
				CLANG_WARN_BOOL_CONVERSION = YES;
				CLANG_WARN_COMMA = YES;
				CLANG_WARN_CONSTANT_CONVERSION = YES;
				CLANG_WARN_DEPRECATED_OBJC_IMPLEMENTATIONS = YES;
				CLANG_WARN_DIRECT_OBJC_ISA_USAGE = YES_ERROR;
				CLANG_WARN_DOCUMENTATION_COMMENTS = YES;
				CLANG_WARN_EMPTY_BODY = YES;
				CLANG_WARN_ENUM_CONVERSION = YES;
				CLANG_WARN_INFINITE_RECURSION = YES;
				CLANG_WARN_INT_CONVERSION = YES;
				CLANG_WARN_NON_LITERAL_NULL_CONVERSION = YES;
				CLANG_WARN_OBJC_IMPLICIT_RETAIN_SELF = YES;
				CLANG_WARN_OBJC_LITERAL_CONVERSION = YES;
				CLANG_WARN_OBJC_ROOT_CLASS = YES_ERROR;
				CLANG_WARN_RANGE_LOOP_ANALYSIS = YES;
				CLANG_WARN_STRICT_PROTOTYPES = YES;
				CLANG_WARN_SUSPICIOUS_MOVE = YES;
				CLANG_WARN_UNGUARDED_AVAILABILITY = YES_AGGRESSIVE;
				CLANG_WARN_UNREACHABLE_CODE = YES;
				CLANG_WARN__DUPLICATE_METHOD_MATCH = YES;
				CODE_SIGN_IDENTITY = "iPhone Developer";
				COPY_PHASE_STRIP = NO;
				DEBUG_INFORMATION_FORMAT = dwarf;
				ENABLE_STRICT_OBJC_MSGSEND = YES;
				ENABLE_TESTABILITY = YES;
				GCC_C_LANGUAGE_STANDARD = gnu11;
				GCC_DYNAMIC_NO_PIC = NO;
				GCC_NO_COMMON_BLOCKS = YES;
				GCC_OPTIMIZATION_LEVEL = 0;
				GCC_PREPROCESSOR_DEFINITIONS = (
					"DEBUG=1",
					"$(inherited)",
				);
				GCC_WARN_64_TO_32_BIT_CONVERSION = YES;
				GCC_WARN_ABOUT_RETURN_TYPE = YES_ERROR;
				GCC_WARN_UNDECLARED_SELECTOR = YES;
				GCC_WARN_UNINITIALIZED_AUTOS = YES_AGGRESSIVE;
				GCC_WARN_UNUSED_FUNCTION = YES;
				GCC_WARN_UNUSED_VARIABLE = YES;
				IPHONEOS_DEPLOYMENT_TARGET = 12.1;
				MTL_ENABLE_DEBUG_INFO = INCLUDE_SOURCE;
				MTL_FAST_MATH = YES;
				ONLY_ACTIVE_ARCH = YES;
				SDKROOT = iphoneos;
				SWIFT_ACTIVE_COMPILATION_CONDITIONS = DEBUG;
				SWIFT_OPTIMIZATION_LEVEL = "-Onone";
			};
			name = Debug;
		};
		53BDF5402232D296005BC159 /* Release */ = {
			isa = XCBuildConfiguration;
			buildSettings = {
				ALWAYS_SEARCH_USER_PATHS = NO;
				CLANG_ANALYZER_NONNULL = YES;
				CLANG_ANALYZER_NUMBER_OBJECT_CONVERSION = YES_AGGRESSIVE;
				CLANG_CXX_LANGUAGE_STANDARD = "gnu++14";
				CLANG_CXX_LIBRARY = "libc++";
				CLANG_ENABLE_MODULES = YES;
				CLANG_ENABLE_OBJC_ARC = YES;
				CLANG_ENABLE_OBJC_WEAK = YES;
				CLANG_WARN_BLOCK_CAPTURE_AUTORELEASING = YES;
				CLANG_WARN_BOOL_CONVERSION = YES;
				CLANG_WARN_COMMA = YES;
				CLANG_WARN_CONSTANT_CONVERSION = YES;
				CLANG_WARN_DEPRECATED_OBJC_IMPLEMENTATIONS = YES;
				CLANG_WARN_DIRECT_OBJC_ISA_USAGE = YES_ERROR;
				CLANG_WARN_DOCUMENTATION_COMMENTS = YES;
				CLANG_WARN_EMPTY_BODY = YES;
				CLANG_WARN_ENUM_CONVERSION = YES;
				CLANG_WARN_INFINITE_RECURSION = YES;
				CLANG_WARN_INT_CONVERSION = YES;
				CLANG_WARN_NON_LITERAL_NULL_CONVERSION = YES;
				CLANG_WARN_OBJC_IMPLICIT_RETAIN_SELF = YES;
				CLANG_WARN_OBJC_LITERAL_CONVERSION = YES;
				CLANG_WARN_OBJC_ROOT_CLASS = YES_ERROR;
				CLANG_WARN_RANGE_LOOP_ANALYSIS = YES;
				CLANG_WARN_STRICT_PROTOTYPES = YES;
				CLANG_WARN_SUSPICIOUS_MOVE = YES;
				CLANG_WARN_UNGUARDED_AVAILABILITY = YES_AGGRESSIVE;
				CLANG_WARN_UNREACHABLE_CODE = YES;
				CLANG_WARN__DUPLICATE_METHOD_MATCH = YES;
				CODE_SIGN_IDENTITY = "iPhone Developer";
				COPY_PHASE_STRIP = NO;
				DEBUG_INFORMATION_FORMAT = "dwarf-with-dsym";
				ENABLE_NS_ASSERTIONS = NO;
				ENABLE_STRICT_OBJC_MSGSEND = YES;
				GCC_C_LANGUAGE_STANDARD = gnu11;
				GCC_NO_COMMON_BLOCKS = YES;
				GCC_WARN_64_TO_32_BIT_CONVERSION = YES;
				GCC_WARN_ABOUT_RETURN_TYPE = YES_ERROR;
				GCC_WARN_UNDECLARED_SELECTOR = YES;
				GCC_WARN_UNINITIALIZED_AUTOS = YES_AGGRESSIVE;
				GCC_WARN_UNUSED_FUNCTION = YES;
				GCC_WARN_UNUSED_VARIABLE = YES;
				IPHONEOS_DEPLOYMENT_TARGET = 12.1;
				MTL_ENABLE_DEBUG_INFO = NO;
				MTL_FAST_MATH = YES;
				SDKROOT = iphoneos;
				SWIFT_COMPILATION_MODE = wholemodule;
				SWIFT_OPTIMIZATION_LEVEL = "-O";
				VALIDATE_PRODUCT = YES;
			};
			name = Release;
		};
		53BDF5422232D296005BC159 /* Debug */ = {
			isa = XCBuildConfiguration;
			buildSettings = {
				ASSETCATALOG_COMPILER_APPICON_NAME = AppIcon;
				CODE_SIGN_STYLE = Automatic;
				DEVELOPMENT_TEAM = CGZ7ZGB295;
				INFOPLIST_FILE = Trapescapes/Info.plist;
				LD_RUNPATH_SEARCH_PATHS = (
					"$(inherited)",
					"@executable_path/Frameworks",
				);
				PRODUCT_BUNDLE_IDENTIFIER = com.juriIlmjarv.Trapescapes;
				PRODUCT_NAME = "$(TARGET_NAME)";
				SWIFT_VERSION = 4.2;
				TARGETED_DEVICE_FAMILY = "1,2";
			};
			name = Debug;
		};
		53BDF5432232D296005BC159 /* Release */ = {
			isa = XCBuildConfiguration;
			buildSettings = {
				ASSETCATALOG_COMPILER_APPICON_NAME = AppIcon;
				CODE_SIGN_STYLE = Automatic;
				DEVELOPMENT_TEAM = CGZ7ZGB295;
				INFOPLIST_FILE = Trapescapes/Info.plist;
				LD_RUNPATH_SEARCH_PATHS = (
					"$(inherited)",
					"@executable_path/Frameworks",
				);
				PRODUCT_BUNDLE_IDENTIFIER = com.juriIlmjarv.Trapescapes;
				PRODUCT_NAME = "$(TARGET_NAME)";
				SWIFT_VERSION = 4.2;
				TARGETED_DEVICE_FAMILY = "1,2";
			};
			name = Release;
		};
/* End XCBuildConfiguration section */

/* Begin XCConfigurationList section */
		53BDF5242232D294005BC159 /* Build configuration list for PBXProject "Trapescapes" */ = {
			isa = XCConfigurationList;
			buildConfigurations = (
				53BDF53F2232D296005BC159 /* Debug */,
				53BDF5402232D296005BC159 /* Release */,
			);
			defaultConfigurationIsVisible = 0;
			defaultConfigurationName = Release;
		};
		53BDF5412232D296005BC159 /* Build configuration list for PBXNativeTarget "Trapescapes" */ = {
			isa = XCConfigurationList;
			buildConfigurations = (
				53BDF5422232D296005BC159 /* Debug */,
				53BDF5432232D296005BC159 /* Release */,
			);
			defaultConfigurationIsVisible = 0;
			defaultConfigurationName = Release;
		};
/* End XCConfigurationList section */
	};
	rootObject = 53BDF5212232D294005BC159 /* Project object */;
}
